// !$*UTF8*$!
{
	archiveVersion = 1;
	classes = {
	};
	objectVersion = 48;
	objects = {

/* Begin PBXBuildFile section */
		52073BC5204B9A0A00E77324 /* AppDelegate.swift in Sources */ = {isa = PBXBuildFile; fileRef = 52073BC4204B9A0A00E77324 /* AppDelegate.swift */; };
		52073BC7204B9A0A00E77324 /* ViewController.swift in Sources */ = {isa = PBXBuildFile; fileRef = 52073BC6204B9A0A00E77324 /* ViewController.swift */; };
		52073BCA204B9A0A00E77324 /* Main.storyboard in Resources */ = {isa = PBXBuildFile; fileRef = 52073BC8204B9A0A00E77324 /* Main.storyboard */; };
		52073BCC204B9A0A00E77324 /* Assets.xcassets in Resources */ = {isa = PBXBuildFile; fileRef = 52073BCB204B9A0A00E77324 /* Assets.xcassets */; };
		52073BCF204B9A0A00E77324 /* LaunchScreen.storyboard in Resources */ = {isa = PBXBuildFile; fileRef = 52073BCD204B9A0A00E77324 /* LaunchScreen.storyboard */; };
		52779B812062856A00D116B6 /* arrow.png in Resources */ = {isa = PBXBuildFile; fileRef = 52779B802062856A00D116B6 /* arrow.png */; };
		52DD8CE8204BA4CC00CA997C /* SearchBookCell.swift in Sources */ = {isa = PBXBuildFile; fileRef = 52DD8CE7204BA4CC00CA997C /* SearchBookCell.swift */; };
		52FC7AF0205E0AD8003F9748 /* test.png in Resources */ = {isa = PBXBuildFile; fileRef = 52FC7AEF205E0AD7003F9748 /* test.png */; };
		52FC7AF2205E105E003F9748 /* DetailViewController.swift in Sources */ = {isa = PBXBuildFile; fileRef = 52FC7AF1205E105E003F9748 /* DetailViewController.swift */; };
		7C70ED2B7A35224DE2DBDFEC /* Pods_searchbook.framework in Frameworks */ = {isa = PBXBuildFile; fileRef = 62E5AA458A15B3FEBD1CB305 /* Pods_searchbook.framework */; };
/* End PBXBuildFile section */

/* Begin PBXFileReference section */
		0F1A3D197D44E7677AB75760 /* Pods-searchbook.debug.xcconfig */ = {isa = PBXFileReference; includeInIndex = 1; lastKnownFileType = text.xcconfig; name = "Pods-searchbook.debug.xcconfig"; path = "Pods/Target Support Files/Pods-searchbook/Pods-searchbook.debug.xcconfig"; sourceTree = "<group>"; };
		52073BC1204B9A0A00E77324 /* searchbook.app */ = {isa = PBXFileReference; explicitFileType = wrapper.application; includeInIndex = 0; path = searchbook.app; sourceTree = BUILT_PRODUCTS_DIR; };
		52073BC4204B9A0A00E77324 /* AppDelegate.swift */ = {isa = PBXFileReference; lastKnownFileType = sourcecode.swift; path = AppDelegate.swift; sourceTree = "<group>"; };
		52073BC6204B9A0A00E77324 /* ViewController.swift */ = {isa = PBXFileReference; lastKnownFileType = sourcecode.swift; path = ViewController.swift; sourceTree = "<group>"; };
		52073BC9204B9A0A00E77324 /* Base */ = {isa = PBXFileReference; lastKnownFileType = file.storyboard; name = Base; path = Base.lproj/Main.storyboard; sourceTree = "<group>"; };
		52073BCB204B9A0A00E77324 /* Assets.xcassets */ = {isa = PBXFileReference; lastKnownFileType = folder.assetcatalog; path = Assets.xcassets; sourceTree = "<group>"; };
		52073BCE204B9A0A00E77324 /* Base */ = {isa = PBXFileReference; lastKnownFileType = file.storyboard; name = Base; path = Base.lproj/LaunchScreen.storyboard; sourceTree = "<group>"; };
		52073BD0204B9A0A00E77324 /* Info.plist */ = {isa = PBXFileReference; lastKnownFileType = text.plist.xml; path = Info.plist; sourceTree = "<group>"; };
		52779B802062856A00D116B6 /* arrow.png */ = {isa = PBXFileReference; lastKnownFileType = image.png; path = arrow.png; sourceTree = "<group>"; };
		52DD8CE7204BA4CC00CA997C /* SearchBookCell.swift */ = {isa = PBXFileReference; lastKnownFileType = sourcecode.swift; path = SearchBookCell.swift; sourceTree = "<group>"; };
		52FC7AEF205E0AD7003F9748 /* test.png */ = {isa = PBXFileReference; lastKnownFileType = image.png; name = test.png; path = ../../../Desktop/test.png; sourceTree = "<group>"; };
		52FC7AF1205E105E003F9748 /* DetailViewController.swift */ = {isa = PBXFileReference; lastKnownFileType = sourcecode.swift; path = DetailViewController.swift; sourceTree = "<group>"; };
		62E5AA458A15B3FEBD1CB305 /* Pods_searchbook.framework */ = {isa = PBXFileReference; explicitFileType = wrapper.framework; includeInIndex = 0; path = Pods_searchbook.framework; sourceTree = BUILT_PRODUCTS_DIR; };
		BD2B42C718F547F08CBCCA17 /* Pods-searchbook.release.xcconfig */ = {isa = PBXFileReference; includeInIndex = 1; lastKnownFileType = text.xcconfig; name = "Pods-searchbook.release.xcconfig"; path = "Pods/Target Support Files/Pods-searchbook/Pods-searchbook.release.xcconfig"; sourceTree = "<group>"; };
/* End PBXFileReference section */

/* Begin PBXFrameworksBuildPhase section */
		52073BBE204B9A0900E77324 /* Frameworks */ = {
			isa = PBXFrameworksBuildPhase;
			buildActionMask = 2147483647;
			files = (
				7C70ED2B7A35224DE2DBDFEC /* Pods_searchbook.framework in Frameworks */,
			);
			runOnlyForDeploymentPostprocessing = 0;
		};
/* End PBXFrameworksBuildPhase section */

/* Begin PBXGroup section */
		52073BB8204B9A0900E77324 = {
			isa = PBXGroup;
			children = (
				52073BC3204B9A0A00E77324 /* searchbook */,
				52073BC2204B9A0A00E77324 /* Products */,
				F9F63E4A4ECD81089F6456C9 /* Pods */,
				AAD31D8DE97AB5E49C3448AB /* Frameworks */,
			);
			sourceTree = "<group>";
		};
		52073BC2204B9A0A00E77324 /* Products */ = {
			isa = PBXGroup;
			children = (
				52073BC1204B9A0A00E77324 /* searchbook.app */,
			);
			name = Products;
			sourceTree = "<group>";
		};
		52073BC3204B9A0A00E77324 /* searchbook */ = {
			isa = PBXGroup;
			children = (
				52073BC4204B9A0A00E77324 /* AppDelegate.swift */,
				52073BC6204B9A0A00E77324 /* ViewController.swift */,
				52DD8CE7204BA4CC00CA997C /* SearchBookCell.swift */,
				52FC7AF1205E105E003F9748 /* DetailViewController.swift */,
				52073BC8204B9A0A00E77324 /* Main.storyboard */,
				52073BCB204B9A0A00E77324 /* Assets.xcassets */,
				52073BCD204B9A0A00E77324 /* LaunchScreen.storyboard */,
				52073BD0204B9A0A00E77324 /* Info.plist */,
				52FC7AEF205E0AD7003F9748 /* test.png */,
				52779B802062856A00D116B6 /* arrow.png */,
			);
			path = searchbook;
			sourceTree = "<group>";
		};
		AAD31D8DE97AB5E49C3448AB /* Frameworks */ = {
			isa = PBXGroup;
			children = (
				62E5AA458A15B3FEBD1CB305 /* Pods_searchbook.framework */,
			);
			name = Frameworks;
			sourceTree = "<group>";
		};
		F9F63E4A4ECD81089F6456C9 /* Pods */ = {
			isa = PBXGroup;
			children = (
				0F1A3D197D44E7677AB75760 /* Pods-searchbook.debug.xcconfig */,
				BD2B42C718F547F08CBCCA17 /* Pods-searchbook.release.xcconfig */,
			);
			name = Pods;
			sourceTree = "<group>";
		};
/* End PBXGroup section */

/* Begin PBXNativeTarget section */
		52073BC0204B9A0900E77324 /* searchbook */ = {
			isa = PBXNativeTarget;
			buildConfigurationList = 52073BD3204B9A0A00E77324 /* Build configuration list for PBXNativeTarget "searchbook" */;
			buildPhases = (
				58C8A8C7178663722E5CA184 /* [CP] Check Pods Manifest.lock */,
				52073BBD204B9A0900E77324 /* Sources */,
				52073BBE204B9A0900E77324 /* Frameworks */,
				52073BBF204B9A0900E77324 /* Resources */,
				92B78444D83BCE3065E017E7 /* [CP] Embed Pods Frameworks */,
				20BC97962F159175A51C51A0 /* [CP] Copy Pods Resources */,
			);
			buildRules = (
			);
			dependencies = (
			);
			name = searchbook;
			productName = searchbook;
			productReference = 52073BC1204B9A0A00E77324 /* searchbook.app */;
			productType = "com.apple.product-type.application";
		};
/* End PBXNativeTarget section */

/* Begin PBXProject section */
		52073BB9204B9A0900E77324 /* Project object */ = {
			isa = PBXProject;
			attributes = {
				LastSwiftUpdateCheck = 0920;
				LastUpgradeCheck = 0920;
				ORGANIZATIONNAME = "박기찬";
				TargetAttributes = {
					52073BC0204B9A0900E77324 = {
						CreatedOnToolsVersion = 9.2;
						ProvisioningStyle = Automatic;
					};
				};
			};
			buildConfigurationList = 52073BBC204B9A0900E77324 /* Build configuration list for PBXProject "searchbook" */;
			compatibilityVersion = "Xcode 8.0";
			developmentRegion = en;
			hasScannedForEncodings = 0;
			knownRegions = (
				en,
				Base,
			);
			mainGroup = 52073BB8204B9A0900E77324;
			productRefGroup = 52073BC2204B9A0A00E77324 /* Products */;
			projectDirPath = "";
			projectRoot = "";
			targets = (
				52073BC0204B9A0900E77324 /* searchbook */,
			);
		};
/* End PBXProject section */

/* Begin PBXResourcesBuildPhase section */
		52073BBF204B9A0900E77324 /* Resources */ = {
			isa = PBXResourcesBuildPhase;
			buildActionMask = 2147483647;
			files = (
				52FC7AF0205E0AD8003F9748 /* test.png in Resources */,
				52073BCF204B9A0A00E77324 /* LaunchScreen.storyboard in Resources */,
				52073BCC204B9A0A00E77324 /* Assets.xcassets in Resources */,
				52779B812062856A00D116B6 /* arrow.png in Resources */,
				52073BCA204B9A0A00E77324 /* Main.storyboard in Resources */,
			);
			runOnlyForDeploymentPostprocessing = 0;
		};
/* End PBXResourcesBuildPhase section */

/* Begin PBXShellScriptBuildPhase section */
		20BC97962F159175A51C51A0 /* [CP] Copy Pods Resources */ = {
			isa = PBXShellScriptBuildPhase;
			buildActionMask = 2147483647;
			files = (
			);
			inputPaths = (
			);
			name = "[CP] Copy Pods Resources";
			outputPaths = (
			);
			runOnlyForDeploymentPostprocessing = 0;
			shellPath = /bin/sh;
			shellScript = "\"${SRCROOT}/Pods/Target Support Files/Pods-searchbook/Pods-searchbook-resources.sh\"\n";
			showEnvVarsInLog = 0;
		};
		58C8A8C7178663722E5CA184 /* [CP] Check Pods Manifest.lock */ = {
			isa = PBXShellScriptBuildPhase;
			buildActionMask = 2147483647;
			files = (
			);
			inputPaths = (
				"${PODS_PODFILE_DIR_PATH}/Podfile.lock",
				"${PODS_ROOT}/Manifest.lock",
			);
			name = "[CP] Check Pods Manifest.lock";
			outputPaths = (
				"$(DERIVED_FILE_DIR)/Pods-searchbook-checkManifestLockResult.txt",
			);
			runOnlyForDeploymentPostprocessing = 0;
			shellPath = /bin/sh;
			shellScript = "diff \"${PODS_PODFILE_DIR_PATH}/Podfile.lock\" \"${PODS_ROOT}/Manifest.lock\" > /dev/null\nif [ $? != 0 ] ; then\n    # print error to STDERR\n    echo \"error: The sandbox is not in sync with the Podfile.lock. Run 'pod install' or update your CocoaPods installation.\" >&2\n    exit 1\nfi\n# This output is used by Xcode 'outputs' to avoid re-running this script phase.\necho \"SUCCESS\" > \"${SCRIPT_OUTPUT_FILE_0}\"\n";
			showEnvVarsInLog = 0;
		};
		92B78444D83BCE3065E017E7 /* [CP] Embed Pods Frameworks */ = {
			isa = PBXShellScriptBuildPhase;
			buildActionMask = 2147483647;
			files = (
			);
			inputPaths = (
				"${SRCROOT}/Pods/Target Support Files/Pods-searchbook/Pods-searchbook-frameworks.sh",
				"${BUILT_PRODUCTS_DIR}/Alamofire/Alamofire.framework",
				"${BUILT_PRODUCTS_DIR}/AlamofireImage/AlamofireImage.framework",
			);
			name = "[CP] Embed Pods Frameworks";
			outputPaths = (
				"${TARGET_BUILD_DIR}/${FRAMEWORKS_FOLDER_PATH}/Alamofire.framework",
				"${TARGET_BUILD_DIR}/${FRAMEWORKS_FOLDER_PATH}/AlamofireImage.framework",
			);
			runOnlyForDeploymentPostprocessing = 0;
			shellPath = /bin/sh;
			shellScript = "\"${SRCROOT}/Pods/Target Support Files/Pods-searchbook/Pods-searchbook-frameworks.sh\"\n";
			showEnvVarsInLog = 0;
		};
/* End PBXShellScriptBuildPhase section */

/* Begin PBXSourcesBuildPhase section */
		52073BBD204B9A0900E77324 /* Sources */ = {
			isa = PBXSourcesBuildPhase;
			buildActionMask = 2147483647;
			files = (
				52DD8CE8204BA4CC00CA997C /* SearchBookCell.swift in Sources */,
				52073BC7204B9A0A00E77324 /* ViewController.swift in Sources */,
				52073BC5204B9A0A00E77324 /* AppDelegate.swift in Sources */,
				52FC7AF2205E105E003F9748 /* DetailViewController.swift in Sources */,
			);
			runOnlyForDeploymentPostprocessing = 0;
		};
/* End PBXSourcesBuildPhase section */

/* Begin PBXVariantGroup section */
		52073BC8204B9A0A00E77324 /* Main.storyboard */ = {
			isa = PBXVariantGroup;
			children = (
				52073BC9204B9A0A00E77324 /* Base */,
			);
			name = Main.storyboard;
			sourceTree = "<group>";
		};
		52073BCD204B9A0A00E77324 /* LaunchScreen.storyboard */ = {
			isa = PBXVariantGroup;
			children = (
				52073BCE204B9A0A00E77324 /* Base */,
			);
			name = LaunchScreen.storyboard;
			sourceTree = "<group>";
		};
/* End PBXVariantGroup section */

/* Begin XCBuildConfiguration section */
		52073BD1204B9A0A00E77324 /* Debug */ = {
			isa = XCBuildConfiguration;
			buildSettings = {
				ALWAYS_SEARCH_USER_PATHS = NO;
				CLANG_ANALYZER_NONNULL = YES;
				CLANG_ANALYZER_NUMBER_OBJECT_CONVERSION = YES_AGGRESSIVE;
				CLANG_CXX_LANGUAGE_STANDARD = "gnu++14";
				CLANG_CXX_LIBRARY = "libc++";
				CLANG_ENABLE_MODULES = YES;
				CLANG_ENABLE_OBJC_ARC = YES;
				CLANG_WARN_BLOCK_CAPTURE_AUTORELEASING = YES;
				CLANG_WARN_BOOL_CONVERSION = YES;
				CLANG_WARN_COMMA = YES;
				CLANG_WARN_CONSTANT_CONVERSION = YES;
				CLANG_WARN_DIRECT_OBJC_ISA_USAGE = YES_ERROR;
				CLANG_WARN_DOCUMENTATION_COMMENTS = YES;
				CLANG_WARN_EMPTY_BODY = YES;
				CLANG_WARN_ENUM_CONVERSION = YES;
				CLANG_WARN_INFINITE_RECURSION = YES;
				CLANG_WARN_INT_CONVERSION = YES;
				CLANG_WARN_NON_LITERAL_NULL_CONVERSION = YES;
				CLANG_WARN_OBJC_LITERAL_CONVERSION = YES;
				CLANG_WARN_OBJC_ROOT_CLASS = YES_ERROR;
				CLANG_WARN_RANGE_LOOP_ANALYSIS = YES;
				CLANG_WARN_STRICT_PROTOTYPES = YES;
				CLANG_WARN_SUSPICIOUS_MOVE = YES;
				CLANG_WARN_UNGUARDED_AVAILABILITY = YES_AGGRESSIVE;
				CLANG_WARN_UNREACHABLE_CODE = YES;
				CLANG_WARN__DUPLICATE_METHOD_MATCH = YES;
				CODE_SIGN_IDENTITY = "iPhone Developer";
				COPY_PHASE_STRIP = NO;
				DEBUG_INFORMATION_FORMAT = dwarf;
				ENABLE_STRICT_OBJC_MSGSEND = YES;
				ENABLE_TESTABILITY = YES;
				GCC_C_LANGUAGE_STANDARD = gnu11;
				GCC_DYNAMIC_NO_PIC = NO;
				GCC_NO_COMMON_BLOCKS = YES;
				GCC_OPTIMIZATION_LEVEL = 0;
				GCC_PREPROCESSOR_DEFINITIONS = (
					"DEBUG=1",
					"$(inherited)",
				);
				GCC_WARN_64_TO_32_BIT_CONVERSION = YES;
				GCC_WARN_ABOUT_RETURN_TYPE = YES_ERROR;
				GCC_WARN_UNDECLARED_SELECTOR = YES;
				GCC_WARN_UNINITIALIZED_AUTOS = YES_AGGRESSIVE;
				GCC_WARN_UNUSED_FUNCTION = YES;
				GCC_WARN_UNUSED_VARIABLE = YES;
				IPHONEOS_DEPLOYMENT_TARGET = 11.2;
				MTL_ENABLE_DEBUG_INFO = YES;
				ONLY_ACTIVE_ARCH = YES;
				SDKROOT = iphoneos;
				SWIFT_ACTIVE_COMPILATION_CONDITIONS = DEBUG;
				SWIFT_OPTIMIZATION_LEVEL = "-Onone";
			};
			name = Debug;
		};
		52073BD2204B9A0A00E77324 /* Release */ = {
			isa = XCBuildConfiguration;
			buildSettings = {
				ALWAYS_SEARCH_USER_PATHS = NO;
				CLANG_ANALYZER_NONNULL = YES;
				CLANG_ANALYZER_NUMBER_OBJECT_CONVERSION = YES_AGGRESSIVE;
				CLANG_CXX_LANGUAGE_STANDARD = "gnu++14";
				CLANG_CXX_LIBRARY = "libc++";
				CLANG_ENABLE_MODULES = YES;
				CLANG_ENABLE_OBJC_ARC = YES;
				CLANG_WARN_BLOCK_CAPTURE_AUTORELEASING = YES;
				CLANG_WARN_BOOL_CONVERSION = YES;
				CLANG_WARN_COMMA = YES;
				CLANG_WARN_CONSTANT_CONVERSION = YES;
				CLANG_WARN_DIRECT_OBJC_ISA_USAGE = YES_ERROR;
				CLANG_WARN_DOCUMENTATION_COMMENTS = YES;
				CLANG_WARN_EMPTY_BODY = YES;
				CLANG_WARN_ENUM_CONVERSION = YES;
				CLANG_WARN_INFINITE_RECURSION = YES;
				CLANG_WARN_INT_CONVERSION = YES;
				CLANG_WARN_NON_LITERAL_NULL_CONVERSION = YES;
				CLANG_WARN_OBJC_LITERAL_CONVERSION = YES;
				CLANG_WARN_OBJC_ROOT_CLASS = YES_ERROR;
				CLANG_WARN_RANGE_LOOP_ANALYSIS = YES;
				CLANG_WARN_STRICT_PROTOTYPES = YES;
				CLANG_WARN_SUSPICIOUS_MOVE = YES;
				CLANG_WARN_UNGUARDED_AVAILABILITY = YES_AGGRESSIVE;
				CLANG_WARN_UNREACHABLE_CODE = YES;
				CLANG_WARN__DUPLICATE_METHOD_MATCH = YES;
				CODE_SIGN_IDENTITY = "iPhone Developer";
				COPY_PHASE_STRIP = NO;
				DEBUG_INFORMATION_FORMAT = "dwarf-with-dsym";
				ENABLE_NS_ASSERTIONS = NO;
				ENABLE_STRICT_OBJC_MSGSEND = YES;
				GCC_C_LANGUAGE_STANDARD = gnu11;
				GCC_NO_COMMON_BLOCKS = YES;
				GCC_WARN_64_TO_32_BIT_CONVERSION = YES;
				GCC_WARN_ABOUT_RETURN_TYPE = YES_ERROR;
				GCC_WARN_UNDECLARED_SELECTOR = YES;
				GCC_WARN_UNINITIALIZED_AUTOS = YES_AGGRESSIVE;
				GCC_WARN_UNUSED_FUNCTION = YES;
				GCC_WARN_UNUSED_VARIABLE = YES;
				IPHONEOS_DEPLOYMENT_TARGET = 11.2;
				MTL_ENABLE_DEBUG_INFO = NO;
				SDKROOT = iphoneos;
				SWIFT_OPTIMIZATION_LEVEL = "-Owholemodule";
				VALIDATE_PRODUCT = YES;
			};
			name = Release;
		};
		52073BD4204B9A0A00E77324 /* Debug */ = {
			isa = XCBuildConfiguration;
			baseConfigurationReference = 0F1A3D197D44E7677AB75760 /* Pods-searchbook.debug.xcconfig */;
			buildSettings = {
				ASSETCATALOG_COMPILER_APPICON_NAME = AppIcon;
				CODE_SIGN_STYLE = Automatic;
				INFOPLIST_FILE = searchbook/Info.plist;
				LD_RUNPATH_SEARCH_PATHS = "$(inherited) @executable_path/Frameworks";
				PRODUCT_BUNDLE_IDENTIFIER = com.pkc.searchbook;
				PRODUCT_NAME = "$(TARGET_NAME)";
				SWIFT_VERSION = 4.0;
				TARGETED_DEVICE_FAMILY = "1,2";
			};
			name = Debug;
		};
		52073BD5204B9A0A00E77324 /* Release */ = {
			isa = XCBuildConfiguration;
			baseConfigurationReference = BD2B42C718F547F08CBCCA17 /* Pods-searchbook.release.xcconfig */;
			buildSettings = {
				ASSETCATALOG_COMPILER_APPICON_NAME = AppIcon;
				CODE_SIGN_STYLE = Automatic;
				INFOPLIST_FILE = searchbook/Info.plist;
				LD_RUNPATH_SEARCH_PATHS = "$(inherited) @executable_path/Frameworks";
				PRODUCT_BUNDLE_IDENTIFIER = com.pkc.searchbook;
				PRODUCT_NAME = "$(TARGET_NAME)";
				SWIFT_VERSION = 4.0;
				TARGETED_DEVICE_FAMILY = "1,2";
			};
			name = Release;
		};
/* End XCBuildConfiguration section */

/* Begin XCConfigurationList section */
		52073BBC204B9A0900E77324 /* Build configuration list for PBXProject "searchbook" */ = {
			isa = XCConfigurationList;
			buildConfigurations = (
				52073BD1204B9A0A00E77324 /* Debug */,
				52073BD2204B9A0A00E77324 /* Release */,
			);
			defaultConfigurationIsVisible = 0;
			defaultConfigurationName = Release;
		};
		52073BD3204B9A0A00E77324 /* Build configuration list for PBXNativeTarget "searchbook" */ = {
			isa = XCConfigurationList;
			buildConfigurations = (
				52073BD4204B9A0A00E77324 /* Debug */,
				52073BD5204B9A0A00E77324 /* Release */,
			);
			defaultConfigurationIsVisible = 0;
			defaultConfigurationName = Release;
		};
/* End XCConfigurationList section */
	};
	rootObject = 52073BB9204B9A0900E77324 /* Project object */;
}
